<?xml version="1.0" encoding="utf-8"?>
<Project ToolsVersion="4.0" xmlns="http://schemas.microsoft.com/developer/msbuild/2003">
  <ItemGroup>
    <Filter Include="Source Files">
      <UniqueIdentifier>{4FC737F1-C7A5-4376-A066-2A32D752A2FF}</UniqueIdentifier>
      <Extensions>cpp;cxx;c;def</Extensions>
    </Filter>
    <Filter Include="Header Files">
      <UniqueIdentifier>{93995380-89BD-4b04-88EB-625FBE52EBFB}</UniqueIdentifier>
      <Extensions>h</Extensions>
    </Filter>
    <Filter Include="Form Files">
      <UniqueIdentifier>{99349809-55BA-4b9d-BF79-8FDBB0286EB3}</UniqueIdentifier>
      <Extensions>ui</Extensions>
    </Filter>
    <Filter Include="Resource Files">
      <UniqueIdentifier>{D9D6E242-F8AF-46E4-B9FD-80ECBC20BA3E}</UniqueIdentifier>
      <Extensions>qrc;*</Extensions>
      <ParseFiles>false</ParseFiles>
    </Filter>
    <Filter Include="Generated Files">
      <UniqueIdentifier>{71ED8ED8-ACB9-4CE9-BBE1-E00B30144E11}</UniqueIdentifier>
      <Extensions>moc;h;cpp</Extensions>
      <SourceControlFiles>False</SourceControlFiles>
    </Filter>
    <Filter Include="Generated Files\Debug">
      <UniqueIdentifier>{0e22f75c-8ec3-4e0a-8c26-1ef399942553}</UniqueIdentifier>
      <Extensions>cpp;moc</Extensions>
      <SourceControlFiles>False</SourceControlFiles>
    </Filter>
    <Filter Include="Generated Files\Release">
      <UniqueIdentifier>{cdf8b76e-cb1a-4315-b97f-ca0e1f126117}</UniqueIdentifier>
      <Extensions>cpp;moc</Extensions>
      <SourceControlFiles>False</SourceControlFiles>
    </Filter>
  </ItemGroup>
  <ItemGroup>
    <ClCompile Include="main.cpp">
      <Filter>Source Files</Filter>
    </ClCompile>
    <ClCompile Include="glex.cpp">
      <Filter>Source Files</Filter>
    </ClCompile>
    <ClCompile Include="GeneratedFiles\Debug\moc_glex.cpp">
      <Filter>Generated Files\Debug</Filter>
    </ClCompile>
    <ClCompile Include="GeneratedFiles\Release\moc_glex.cpp">
      <Filter>Generated Files\Release</Filter>
    </ClCompile>
    <ClCompile Include="GeneratedFiles\qrc_glex.cpp">
      <Filter>Generated Files</Filter>
    </ClCompile>
    <ClCompile Include="glexmainview.cpp">
      <Filter>Source Files</Filter>
    </ClCompile>
    <ClCompile Include="GeneratedFiles\Debug\moc_glexmainview.cpp">
      <Filter>Generated Files\Debug</Filter>
    </ClCompile>
    <ClCompile Include="GeneratedFiles\Release\moc_glexmainview.cpp">
      <Filter>Generated Files\Release</Filter>
    </ClCompile>
    <ClCompile Include="GLExTerrain.cpp">
      <Filter>Source Files</Filter>
    </ClCompile>
    <ClCompile Include="FreeType.cpp">
      <Filter>Source Files</Filter>
    </ClCompile>
    <ClCompile Include="GLExFreeType.cpp">
      <Filter>Source Files</Filter>
    </ClCompile>
    <ClCompile Include="GLExSystemInfo.cpp">
      <Filter>Source Files</Filter>
    </ClCompile>
    <ClCompile Include="GLExArcBall.cpp">
      <Filter>Source Files</Filter>
    </ClCompile>
    <ClCompile Include="stdafx.cpp">
      <Filter>Source Files</Filter>
    </ClCompile>
    <ClCompile Include="GLExFog.cpp">
      <Filter>Source Files</Filter>
    </ClCompile>
    <ClCompile Include="GLExMath.cpp">
      <Filter>Source Files</Filter>
    </ClCompile>
    <ClCompile Include="GLExLight.cpp">
      <Filter>Source Files</Filter>
    </ClCompile>
  </ItemGroup>
  <ItemGroup>
    <CustomBuild Include="glex.h">
      <Filter>Header Files</Filter>
    </CustomBuild>
    <CustomBuild Include="glex.ui">
      <Filter>Form Files</Filter>
    </CustomBuild>
    <CustomBuild Include="glex.qrc">
      <Filter>Resource Files</Filter>
    </CustomBuild>
    <CustomBuild Include="glexmainview.h">
      <Filter>Header Files</Filter>
    </CustomBuild>
  </ItemGroup>
  <ItemGroup>
    <ClInclude Include="GeneratedFiles\ui_glex.h">
      <Filter>Generated Files</Filter>
    </ClInclude>
    <ClInclude Include="GLExTerrain.h">
      <Filter>Header Files</Filter>
    </ClInclude>
    <ClInclude Include="FreeType.h">
      <Filter>Header Files</Filter>
    </ClInclude>
    <ClInclude Include="GLExFreeType.h">
      <Filter>Header Files</Filter>
    </ClInclude>
    <ClInclude Include="GLExSystemInfo.h">
      <Filter>Header Files</Filter>
    </ClInclude>
    <ClInclude Include="GLExArcBall.h">
      <Filter>Header Files</Filter>
    </ClInclude>
    <ClInclude Include="stdafx.h">
      <Filter>Header Files</Filter>
    </ClInclude>
    <ClInclude Include="GLExFog.h">
      <Filter>Header Files</Filter>
    </ClInclude>
    <ClInclude Include="GLExMath.h">
      <Filter>Header Files</Filter>
    </ClInclude>
    <ClInclude Include="GLExLight.h">
      <Filter>Header Files</Filter>
    </ClInclude>
  </ItemGroup>
</Project>